// !$*UTF8*$!
{
	archiveVersion = 1;
	classes = {
	};
	objectVersion = 46;
	objects = {

/* Begin PBXBuildFile section */
		9D17DC0A1E4199E000DC96A1 /* TweenablePropertyTest.swift in Sources */ = {isa = PBXBuildFile; fileRef = 9D17DC091E4199E000DC96A1 /* TweenablePropertyTest.swift */; };
		9D185B241E443A8600CF8F5C /* UILabel+Tweening.swift in Sources */ = {isa = PBXBuildFile; fileRef = 9D185B231E443A8600CF8F5C /* UILabel+Tweening.swift */; };
		9D3493E42194C00C00630051 /* InterpolatableNumberTest.swift in Sources */ = {isa = PBXBuildFile; fileRef = 9D3493E32194C00C00630051 /* InterpolatableNumberTest.swift */; };
		9D3B6E151E2FA79E00B546DB /* CALayer+Tweening.swift in Sources */ = {isa = PBXBuildFile; fileRef = 9D3B6E141E2FA79E00B546DB /* CALayer+Tweening.swift */; };
		9D482BCD1DC22F55009A1CCD /* EaseClassificationTest.swift in Sources */ = {isa = PBXBuildFile; fileRef = 9D482BCC1DC22F55009A1CCD /* EaseClassificationTest.swift */; };
		9D6A3DB31DDEB05B009B6352 /* TweenTest.swift in Sources */ = {isa = PBXBuildFile; fileRef = 9D6A3DB21DDEB05B009B6352 /* TweenTest.swift */; };
		9D6A3DB51DDEB073009B6352 /* TweenAnimationTest.swift in Sources */ = {isa = PBXBuildFile; fileRef = 9D6A3DB41DDEB073009B6352 /* TweenAnimationTest.swift */; };
		9D6A3DB71DDEB07B009B6352 /* TweenableTest.swift in Sources */ = {isa = PBXBuildFile; fileRef = 9D6A3DB61DDEB07B009B6352 /* TweenableTest.swift */; };
		9D6A3DBB1DDEB095009B6352 /* TweenerTest.swift in Sources */ = {isa = PBXBuildFile; fileRef = 9D6A3DBA1DDEB095009B6352 /* TweenerTest.swift */; };
		9D6A3DBF1DDEB0AC009B6352 /* TweenStateTest.swift in Sources */ = {isa = PBXBuildFile; fileRef = 9D6A3DBE1DDEB0AC009B6352 /* TweenStateTest.swift */; };
		9D6A3DC31DDEB0BE009B6352 /* TweenTimerTest.swift in Sources */ = {isa = PBXBuildFile; fileRef = 9D6A3DC21DDEB0BE009B6352 /* TweenTimerTest.swift */; };
		9D77AC3A1D13B8D70033F88E /* STween.h in Headers */ = {isa = PBXBuildFile; fileRef = 9D77AC391D13B8D70033F88E /* STween.h */; settings = {ATTRIBUTES = (Public, ); }; };
		9D804D7F2167D1B300401533 /* InterpolatableNumber.swift in Sources */ = {isa = PBXBuildFile; fileRef = 9D804D7E2167D1B300401533 /* InterpolatableNumber.swift */; };
		9D8890651E2883160023FE78 /* Defaults.swift in Sources */ = {isa = PBXBuildFile; fileRef = 9D8890431E2883160023FE78 /* Defaults.swift */; };
		9D8890671E2883160023FE78 /* Ease.swift in Sources */ = {isa = PBXBuildFile; fileRef = 9D8890461E2883160023FE78 /* Ease.swift */; };
		9D8890681E2883160023FE78 /* EaseFunction.swift in Sources */ = {isa = PBXBuildFile; fileRef = 9D8890471E2883160023FE78 /* EaseFunction.swift */; };
		9D8890691E2883160023FE78 /* EaseClassification.swift in Sources */ = {isa = PBXBuildFile; fileRef = 9D8890481E2883160023FE78 /* EaseClassification.swift */; };
		9D88906A1E2883160023FE78 /* EaseCurve.swift in Sources */ = {isa = PBXBuildFile; fileRef = 9D8890491E2883160023FE78 /* EaseCurve.swift */; };
		9D88906C1E2883160023FE78 /* Interpolatable.swift in Sources */ = {isa = PBXBuildFile; fileRef = 9D88904C1E2883160023FE78 /* Interpolatable.swift */; };
		9D88906F1E2883160023FE78 /* NSLayoutConstraint+Tweening.swift in Sources */ = {isa = PBXBuildFile; fileRef = 9D8890511E2883160023FE78 /* NSLayoutConstraint+Tweening.swift */; };
		9D8890701E2883160023FE78 /* Tween+Chaining.swift in Sources */ = {isa = PBXBuildFile; fileRef = 9D8890521E2883160023FE78 /* Tween+Chaining.swift */; };
		9D8890711E2883160023FE78 /* UIView+Tweening.swift in Sources */ = {isa = PBXBuildFile; fileRef = 9D8890531E2883160023FE78 /* UIView+Tweening.swift */; };
		9D8890721E2883160023FE78 /* Tween.swift in Sources */ = {isa = PBXBuildFile; fileRef = 9D8890541E2883160023FE78 /* Tween.swift */; };
		9D8890731E2883160023FE78 /* Tweenable.swift in Sources */ = {isa = PBXBuildFile; fileRef = 9D8890551E2883160023FE78 /* Tweenable.swift */; };
		9D8890751E2883160023FE78 /* TweenAnimation.swift in Sources */ = {isa = PBXBuildFile; fileRef = 9D8890571E2883160023FE78 /* TweenAnimation.swift */; };
		9D8890761E2883160023FE78 /* Tweener.swift in Sources */ = {isa = PBXBuildFile; fileRef = 9D8890581E2883160023FE78 /* Tweener.swift */; };
		9D8890771E2883160023FE78 /* TweenState.swift in Sources */ = {isa = PBXBuildFile; fileRef = 9D8890591E2883160023FE78 /* TweenState.swift */; };
		9D8890791E2883160023FE78 /* TweenTimer.swift in Sources */ = {isa = PBXBuildFile; fileRef = 9D88905B1E2883160023FE78 /* TweenTimer.swift */; };
		9D88907C1E2883160023FE78 /* Functions.swift in Sources */ = {isa = PBXBuildFile; fileRef = 9D8890601E2883160023FE78 /* Functions.swift */; };
		9DB3D6351DAE686F00134C1D /* DefaultsTest.swift in Sources */ = {isa = PBXBuildFile; fileRef = 9DB3D6301DAE686F00134C1D /* DefaultsTest.swift */; };
		9DB3D6401DAE6CCB00134C1D /* XCTestCase+Utils.swift in Sources */ = {isa = PBXBuildFile; fileRef = 9DB3D63F1DAE6CCB00134C1D /* XCTestCase+Utils.swift */; };
		9DB3D6441DAE758F00134C1D /* FunctionsTest.swift in Sources */ = {isa = PBXBuildFile; fileRef = 9DB3D6431DAE758F00134C1D /* FunctionsTest.swift */; };
		9DB46B191E29EB6000CB21F9 /* NSLayoutConstraint+TweeningTest.swift in Sources */ = {isa = PBXBuildFile; fileRef = 9DB46B141E29EB6000CB21F9 /* NSLayoutConstraint+TweeningTest.swift */; };
		9DB46B1A1E29EB6000CB21F9 /* TweenableTestable.swift in Sources */ = {isa = PBXBuildFile; fileRef = 9DB46B151E29EB6000CB21F9 /* TweenableTestable.swift */; };
		9DB46B1B1E29EB6000CB21F9 /* UIView+TweeningTest.swift in Sources */ = {isa = PBXBuildFile; fileRef = 9DB46B161E29EB6000CB21F9 /* UIView+TweeningTest.swift */; };
		9DB46B1C1E29EB6000CB21F9 /* Tween+ChainingTest.swift in Sources */ = {isa = PBXBuildFile; fileRef = 9DB46B181E29EB6000CB21F9 /* Tween+ChainingTest.swift */; };
		9DBF34011DB8F4BA006C0D84 /* EaseTest.swift in Sources */ = {isa = PBXBuildFile; fileRef = 9DBF33FB1DB8F4BA006C0D84 /* EaseTest.swift */; };
		9DBF34021DB8F4BA006C0D84 /* EaseFunctionTest.swift in Sources */ = {isa = PBXBuildFile; fileRef = 9DBF33FC1DB8F4BA006C0D84 /* EaseFunctionTest.swift */; };
		9DBF34031DB8F4BA006C0D84 /* EaseCurveTest.swift in Sources */ = {isa = PBXBuildFile; fileRef = 9DBF33FD1DB8F4BA006C0D84 /* EaseCurveTest.swift */; };
		9DCD64FF1D1687DD00C726E7 /* STween.framework in Frameworks */ = {isa = PBXBuildFile; fileRef = 9D77AC361D13B8D70033F88E /* STween.framework */; };
		9DD2404A1DCD436A009C658F /* InterpolatableTest.swift in Sources */ = {isa = PBXBuildFile; fileRef = 9DD240461DCD436A009C658F /* InterpolatableTest.swift */; };
		9DD8CF181E31C721004A196D /* CALayer+TweeningTest.swift in Sources */ = {isa = PBXBuildFile; fileRef = 9DD8CF171E31C721004A196D /* CALayer+TweeningTest.swift */; };
		9DEDF79C1E36FCA7002E0CB9 /* TweenableProperty.swift in Sources */ = {isa = PBXBuildFile; fileRef = 9DEDF79B1E36FCA7002E0CB9 /* TweenableProperty.swift */; };
		9DF7248A1E4799F800A0BDB9 /* UIButton+Tweening.swift in Sources */ = {isa = PBXBuildFile; fileRef = 9DF724891E4799F800A0BDB9 /* UIButton+Tweening.swift */; };
		9DF7248C1E47A21700A0BDB9 /* UITextField+Tweening.swift in Sources */ = {isa = PBXBuildFile; fileRef = 9DF7248B1E47A21700A0BDB9 /* UITextField+Tweening.swift */; };
		9DF7248E1E47A51000A0BDB9 /* UITextField+TweeningTest.swift in Sources */ = {isa = PBXBuildFile; fileRef = 9DF7248D1E47A51000A0BDB9 /* UITextField+TweeningTest.swift */; };
		9DF724901E47A52000A0BDB9 /* UIButton+TweeningTest.swift in Sources */ = {isa = PBXBuildFile; fileRef = 9DF7248F1E47A52000A0BDB9 /* UIButton+TweeningTest.swift */; };
		9DF724921E47A52B00A0BDB9 /* UILabel+TweeningTest.swift in Sources */ = {isa = PBXBuildFile; fileRef = 9DF724911E47A52B00A0BDB9 /* UILabel+TweeningTest.swift */; };
/* End PBXBuildFile section */

/* Begin PBXContainerItemProxy section */
		9DCD65001D1687DD00C726E7 /* PBXContainerItemProxy */ = {
			isa = PBXContainerItemProxy;
			containerPortal = 9D77AC2D1D13B8D70033F88E /* Project object */;
			proxyType = 1;
			remoteGlobalIDString = 9D77AC351D13B8D70033F88E;
			remoteInfo = STween;
		};
/* End PBXContainerItemProxy section */

/* Begin PBXFileReference section */
		9D17DC091E4199E000DC96A1 /* TweenablePropertyTest.swift */ = {isa = PBXFileReference; fileEncoding = 4; lastKnownFileType = sourcecode.swift; path = TweenablePropertyTest.swift; sourceTree = "<group>"; };
		9D185B231E443A8600CF8F5C /* UILabel+Tweening.swift */ = {isa = PBXFileReference; fileEncoding = 4; lastKnownFileType = sourcecode.swift; path = "UILabel+Tweening.swift"; sourceTree = "<group>"; };
		9D1D1E2A1D31C5AD00BF01E0 /* STweenTests-Bridging-Header.h */ = {isa = PBXFileReference; lastKnownFileType = sourcecode.c.h; path = "STweenTests-Bridging-Header.h"; sourceTree = "<group>"; };
		9D3493E32194C00C00630051 /* InterpolatableNumberTest.swift */ = {isa = PBXFileReference; lastKnownFileType = sourcecode.swift; path = InterpolatableNumberTest.swift; sourceTree = "<group>"; };
		9D3B6E141E2FA79E00B546DB /* CALayer+Tweening.swift */ = {isa = PBXFileReference; fileEncoding = 4; lastKnownFileType = sourcecode.swift; path = "CALayer+Tweening.swift"; sourceTree = "<group>"; };
		9D482BCC1DC22F55009A1CCD /* EaseClassificationTest.swift */ = {isa = PBXFileReference; fileEncoding = 4; lastKnownFileType = sourcecode.swift; path = EaseClassificationTest.swift; sourceTree = "<group>"; };
		9D6A3DB21DDEB05B009B6352 /* TweenTest.swift */ = {isa = PBXFileReference; fileEncoding = 4; lastKnownFileType = sourcecode.swift; path = TweenTest.swift; sourceTree = "<group>"; };
		9D6A3DB41DDEB073009B6352 /* TweenAnimationTest.swift */ = {isa = PBXFileReference; fileEncoding = 4; lastKnownFileType = sourcecode.swift; path = TweenAnimationTest.swift; sourceTree = "<group>"; };
		9D6A3DB61DDEB07B009B6352 /* TweenableTest.swift */ = {isa = PBXFileReference; fileEncoding = 4; lastKnownFileType = sourcecode.swift; path = TweenableTest.swift; sourceTree = "<group>"; };
		9D6A3DBA1DDEB095009B6352 /* TweenerTest.swift */ = {isa = PBXFileReference; fileEncoding = 4; lastKnownFileType = sourcecode.swift; path = TweenerTest.swift; sourceTree = "<group>"; };
		9D6A3DBE1DDEB0AC009B6352 /* TweenStateTest.swift */ = {isa = PBXFileReference; fileEncoding = 4; lastKnownFileType = sourcecode.swift; path = TweenStateTest.swift; sourceTree = "<group>"; };
		9D6A3DC21DDEB0BE009B6352 /* TweenTimerTest.swift */ = {isa = PBXFileReference; fileEncoding = 4; lastKnownFileType = sourcecode.swift; path = TweenTimerTest.swift; sourceTree = "<group>"; };
		9D77AC361D13B8D70033F88E /* STween.framework */ = {isa = PBXFileReference; explicitFileType = wrapper.framework; includeInIndex = 0; path = STween.framework; sourceTree = BUILT_PRODUCTS_DIR; };
		9D77AC391D13B8D70033F88E /* STween.h */ = {isa = PBXFileReference; lastKnownFileType = sourcecode.c.h; path = STween.h; sourceTree = "<group>"; };
		9D77AC3B1D13B8D70033F88E /* Info.plist */ = {isa = PBXFileReference; lastKnownFileType = text.plist.xml; path = Info.plist; sourceTree = "<group>"; };
		9D804D7E2167D1B300401533 /* InterpolatableNumber.swift */ = {isa = PBXFileReference; lastKnownFileType = sourcecode.swift; path = InterpolatableNumber.swift; sourceTree = "<group>"; };
		9D8890431E2883160023FE78 /* Defaults.swift */ = {isa = PBXFileReference; fileEncoding = 4; lastKnownFileType = sourcecode.swift; path = Defaults.swift; sourceTree = "<group>"; };
		9D8890461E2883160023FE78 /* Ease.swift */ = {isa = PBXFileReference; fileEncoding = 4; lastKnownFileType = sourcecode.swift; path = Ease.swift; sourceTree = "<group>"; };
		9D8890471E2883160023FE78 /* EaseFunction.swift */ = {isa = PBXFileReference; fileEncoding = 4; lastKnownFileType = sourcecode.swift; lineEnding = 0; path = EaseFunction.swift; sourceTree = "<group>"; xcLanguageSpecificationIdentifier = xcode.lang.swift; };
		9D8890481E2883160023FE78 /* EaseClassification.swift */ = {isa = PBXFileReference; fileEncoding = 4; lastKnownFileType = sourcecode.swift; path = EaseClassification.swift; sourceTree = "<group>"; };
		9D8890491E2883160023FE78 /* EaseCurve.swift */ = {isa = PBXFileReference; fileEncoding = 4; lastKnownFileType = sourcecode.swift; path = EaseCurve.swift; sourceTree = "<group>"; };
		9D88904C1E2883160023FE78 /* Interpolatable.swift */ = {isa = PBXFileReference; fileEncoding = 4; lastKnownFileType = sourcecode.swift; path = Interpolatable.swift; sourceTree = "<group>"; };
		9D8890511E2883160023FE78 /* NSLayoutConstraint+Tweening.swift */ = {isa = PBXFileReference; fileEncoding = 4; lastKnownFileType = sourcecode.swift; path = "NSLayoutConstraint+Tweening.swift"; sourceTree = "<group>"; };
		9D8890521E2883160023FE78 /* Tween+Chaining.swift */ = {isa = PBXFileReference; fileEncoding = 4; lastKnownFileType = sourcecode.swift; path = "Tween+Chaining.swift"; sourceTree = "<group>"; };
		9D8890531E2883160023FE78 /* UIView+Tweening.swift */ = {isa = PBXFileReference; fileEncoding = 4; lastKnownFileType = sourcecode.swift; path = "UIView+Tweening.swift"; sourceTree = "<group>"; };
		9D8890541E2883160023FE78 /* Tween.swift */ = {isa = PBXFileReference; fileEncoding = 4; lastKnownFileType = sourcecode.swift; path = Tween.swift; sourceTree = "<group>"; };
		9D8890551E2883160023FE78 /* Tweenable.swift */ = {isa = PBXFileReference; fileEncoding = 4; lastKnownFileType = sourcecode.swift; path = Tweenable.swift; sourceTree = "<group>"; };
		9D8890571E2883160023FE78 /* TweenAnimation.swift */ = {isa = PBXFileReference; fileEncoding = 4; lastKnownFileType = sourcecode.swift; path = TweenAnimation.swift; sourceTree = "<group>"; };
		9D8890581E2883160023FE78 /* Tweener.swift */ = {isa = PBXFileReference; fileEncoding = 4; lastKnownFileType = sourcecode.swift; path = Tweener.swift; sourceTree = "<group>"; };
		9D8890591E2883160023FE78 /* TweenState.swift */ = {isa = PBXFileReference; fileEncoding = 4; lastKnownFileType = sourcecode.swift; path = TweenState.swift; sourceTree = "<group>"; };
		9D88905B1E2883160023FE78 /* TweenTimer.swift */ = {isa = PBXFileReference; fileEncoding = 4; lastKnownFileType = sourcecode.swift; path = TweenTimer.swift; sourceTree = "<group>"; };
		9D8890601E2883160023FE78 /* Functions.swift */ = {isa = PBXFileReference; fileEncoding = 4; lastKnownFileType = sourcecode.swift; path = Functions.swift; sourceTree = "<group>"; };
		9DB3D6301DAE686F00134C1D /* DefaultsTest.swift */ = {isa = PBXFileReference; fileEncoding = 4; lastKnownFileType = sourcecode.swift; path = DefaultsTest.swift; sourceTree = "<group>"; };
		9DB3D63F1DAE6CCB00134C1D /* XCTestCase+Utils.swift */ = {isa = PBXFileReference; fileEncoding = 4; lastKnownFileType = sourcecode.swift; path = "XCTestCase+Utils.swift"; sourceTree = "<group>"; };
		9DB3D6431DAE758F00134C1D /* FunctionsTest.swift */ = {isa = PBXFileReference; fileEncoding = 4; lastKnownFileType = sourcecode.swift; path = FunctionsTest.swift; sourceTree = "<group>"; };
		9DB46B141E29EB6000CB21F9 /* NSLayoutConstraint+TweeningTest.swift */ = {isa = PBXFileReference; fileEncoding = 4; lastKnownFileType = sourcecode.swift; path = "NSLayoutConstraint+TweeningTest.swift"; sourceTree = "<group>"; };
		9DB46B151E29EB6000CB21F9 /* TweenableTestable.swift */ = {isa = PBXFileReference; fileEncoding = 4; lastKnownFileType = sourcecode.swift; path = TweenableTestable.swift; sourceTree = "<group>"; };
		9DB46B161E29EB6000CB21F9 /* UIView+TweeningTest.swift */ = {isa = PBXFileReference; fileEncoding = 4; lastKnownFileType = sourcecode.swift; path = "UIView+TweeningTest.swift"; sourceTree = "<group>"; };
		9DB46B181E29EB6000CB21F9 /* Tween+ChainingTest.swift */ = {isa = PBXFileReference; fileEncoding = 4; lastKnownFileType = sourcecode.swift; path = "Tween+ChainingTest.swift"; sourceTree = "<group>"; };
		9DBF33FB1DB8F4BA006C0D84 /* EaseTest.swift */ = {isa = PBXFileReference; fileEncoding = 4; lastKnownFileType = sourcecode.swift; path = EaseTest.swift; sourceTree = "<group>"; };
		9DBF33FC1DB8F4BA006C0D84 /* EaseFunctionTest.swift */ = {isa = PBXFileReference; fileEncoding = 4; lastKnownFileType = sourcecode.swift; path = EaseFunctionTest.swift; sourceTree = "<group>"; };
		9DBF33FD1DB8F4BA006C0D84 /* EaseCurveTest.swift */ = {isa = PBXFileReference; fileEncoding = 4; lastKnownFileType = sourcecode.swift; path = EaseCurveTest.swift; sourceTree = "<group>"; };
		9DCD64FA1D1687DD00C726E7 /* STweenTests.xctest */ = {isa = PBXFileReference; explicitFileType = wrapper.cfbundle; includeInIndex = 0; path = STweenTests.xctest; sourceTree = BUILT_PRODUCTS_DIR; };
		9DCD64FE1D1687DD00C726E7 /* Info.plist */ = {isa = PBXFileReference; lastKnownFileType = text.plist.xml; path = Info.plist; sourceTree = "<group>"; };
		9DD240461DCD436A009C658F /* InterpolatableTest.swift */ = {isa = PBXFileReference; fileEncoding = 4; lastKnownFileType = sourcecode.swift; path = InterpolatableTest.swift; sourceTree = "<group>"; };
		9DD8CF171E31C721004A196D /* CALayer+TweeningTest.swift */ = {isa = PBXFileReference; fileEncoding = 4; lastKnownFileType = sourcecode.swift; path = "CALayer+TweeningTest.swift"; sourceTree = "<group>"; };
		9DEDF79B1E36FCA7002E0CB9 /* TweenableProperty.swift */ = {isa = PBXFileReference; fileEncoding = 4; lastKnownFileType = sourcecode.swift; path = TweenableProperty.swift; sourceTree = "<group>"; };
		9DF724891E4799F800A0BDB9 /* UIButton+Tweening.swift */ = {isa = PBXFileReference; fileEncoding = 4; lastKnownFileType = sourcecode.swift; path = "UIButton+Tweening.swift"; sourceTree = "<group>"; };
		9DF7248B1E47A21700A0BDB9 /* UITextField+Tweening.swift */ = {isa = PBXFileReference; fileEncoding = 4; lastKnownFileType = sourcecode.swift; path = "UITextField+Tweening.swift"; sourceTree = "<group>"; };
		9DF7248D1E47A51000A0BDB9 /* UITextField+TweeningTest.swift */ = {isa = PBXFileReference; fileEncoding = 4; lastKnownFileType = sourcecode.swift; path = "UITextField+TweeningTest.swift"; sourceTree = "<group>"; };
		9DF7248F1E47A52000A0BDB9 /* UIButton+TweeningTest.swift */ = {isa = PBXFileReference; fileEncoding = 4; lastKnownFileType = sourcecode.swift; path = "UIButton+TweeningTest.swift"; sourceTree = "<group>"; };
		9DF724911E47A52B00A0BDB9 /* UILabel+TweeningTest.swift */ = {isa = PBXFileReference; fileEncoding = 4; lastKnownFileType = sourcecode.swift; path = "UILabel+TweeningTest.swift"; sourceTree = "<group>"; };
/* End PBXFileReference section */

/* Begin PBXFrameworksBuildPhase section */
		9D77AC321D13B8D70033F88E /* Frameworks */ = {
			isa = PBXFrameworksBuildPhase;
			buildActionMask = 2147483647;
			files = (
			);
			runOnlyForDeploymentPostprocessing = 0;
		};
		9DCD64F71D1687DD00C726E7 /* Frameworks */ = {
			isa = PBXFrameworksBuildPhase;
			buildActionMask = 2147483647;
			files = (
				9DCD64FF1D1687DD00C726E7 /* STween.framework in Frameworks */,
			);
			runOnlyForDeploymentPostprocessing = 0;
		};
/* End PBXFrameworksBuildPhase section */

/* Begin PBXGroup section */
		9D6A3DB11DDEB04E009B6352 /* Tweening */ = {
			isa = PBXGroup;
			children = (
				9DB46B131E29EB6000CB21F9 /* Conformance */,
				9DB46B171E29EB6000CB21F9 /* Extensions */,
				9D6A3DB21DDEB05B009B6352 /* TweenTest.swift */,
				9D6A3DB41DDEB073009B6352 /* TweenAnimationTest.swift */,
				9D6A3DBE1DDEB0AC009B6352 /* TweenStateTest.swift */,
				9D6A3DC21DDEB0BE009B6352 /* TweenTimerTest.swift */,
				9D6A3DB61DDEB07B009B6352 /* TweenableTest.swift */,
				9D17DC091E4199E000DC96A1 /* TweenablePropertyTest.swift */,
				9D6A3DBA1DDEB095009B6352 /* TweenerTest.swift */,
			);
			path = Tweening;
			sourceTree = "<group>";
		};
		9D77AC2C1D13B8D70033F88E = {
			isa = PBXGroup;
			children = (
				9D77AC381D13B8D70033F88E /* STween */,
				9DCD64FB1D1687DD00C726E7 /* STweenTests */,
				9D77AC371D13B8D70033F88E /* Products */,
			);
			sourceTree = "<group>";
		};
		9D77AC371D13B8D70033F88E /* Products */ = {
			isa = PBXGroup;
			children = (
				9D77AC361D13B8D70033F88E /* STween.framework */,
				9DCD64FA1D1687DD00C726E7 /* STweenTests.xctest */,
			);
			name = Products;
			sourceTree = "<group>";
		};
		9D77AC381D13B8D70033F88E /* STween */ = {
			isa = PBXGroup;
			children = (
				9D8890451E2883160023FE78 /* Easing */,
				9D88904B1E2883160023FE78 /* Interpolation */,
				9D8890401E2883160023FE78 /* Settings */,
				9D88904F1E2883160023FE78 /* Tweening */,
				9D88905C1E2883160023FE78 /* Utils */,
				9D77AC391D13B8D70033F88E /* STween.h */,
				9D77AC3B1D13B8D70033F88E /* Info.plist */,
			);
			path = STween;
			sourceTree = "<group>";
		};
		9D8890401E2883160023FE78 /* Settings */ = {
			isa = PBXGroup;
			children = (
				9D8890431E2883160023FE78 /* Defaults.swift */,
			);
			path = Settings;
			sourceTree = "<group>";
		};
		9D8890451E2883160023FE78 /* Easing */ = {
			isa = PBXGroup;
			children = (
				9D8890461E2883160023FE78 /* Ease.swift */,
				9D8890481E2883160023FE78 /* EaseClassification.swift */,
				9D8890491E2883160023FE78 /* EaseCurve.swift */,
				9D8890471E2883160023FE78 /* EaseFunction.swift */,
			);
			path = Easing;
			sourceTree = "<group>";
		};
		9D88904B1E2883160023FE78 /* Interpolation */ = {
			isa = PBXGroup;
			children = (
				9D88904C1E2883160023FE78 /* Interpolatable.swift */,
				9D804D7E2167D1B300401533 /* InterpolatableNumber.swift */,
			);
			path = Interpolation;
			sourceTree = "<group>";
		};
		9D88904F1E2883160023FE78 /* Tweening */ = {
			isa = PBXGroup;
			children = (
				9DE4B9581E28AD6900315612 /* Conformance */,
				9D8890501E2883160023FE78 /* Extensions */,
				9D8890541E2883160023FE78 /* Tween.swift */,
				9D8890571E2883160023FE78 /* TweenAnimation.swift */,
				9D8890591E2883160023FE78 /* TweenState.swift */,
				9D88905B1E2883160023FE78 /* TweenTimer.swift */,
				9D8890551E2883160023FE78 /* Tweenable.swift */,
				9DEDF79B1E36FCA7002E0CB9 /* TweenableProperty.swift */,
				9D8890581E2883160023FE78 /* Tweener.swift */,
			);
			path = Tweening;
			sourceTree = "<group>";
		};
		9D8890501E2883160023FE78 /* Extensions */ = {
			isa = PBXGroup;
			children = (
				9D8890521E2883160023FE78 /* Tween+Chaining.swift */,
			);
			path = Extensions;
			sourceTree = "<group>";
		};
		9D88905C1E2883160023FE78 /* Utils */ = {
			isa = PBXGroup;
			children = (
				9D8890601E2883160023FE78 /* Functions.swift */,
			);
			path = Utils;
			sourceTree = "<group>";
		};
		9DB3D62F1DAE686F00134C1D /* Settings */ = {
			isa = PBXGroup;
			children = (
				9DB3D6301DAE686F00134C1D /* DefaultsTest.swift */,
			);
			path = Settings;
			sourceTree = "<group>";
		};
		9DB3D6391DAE688200134C1D /* Utils */ = {
			isa = PBXGroup;
			children = (
				9DB3D6431DAE758F00134C1D /* FunctionsTest.swift */,
			);
			path = Utils;
			sourceTree = "<group>";
		};
		9DB46B131E29EB6000CB21F9 /* Conformance */ = {
			isa = PBXGroup;
			children = (
				9DB46B151E29EB6000CB21F9 /* TweenableTestable.swift */,
				9DD8CF171E31C721004A196D /* CALayer+TweeningTest.swift */,
				9DB46B141E29EB6000CB21F9 /* NSLayoutConstraint+TweeningTest.swift */,
				9DF7248F1E47A52000A0BDB9 /* UIButton+TweeningTest.swift */,
				9DF724911E47A52B00A0BDB9 /* UILabel+TweeningTest.swift */,
				9DF7248D1E47A51000A0BDB9 /* UITextField+TweeningTest.swift */,
				9DB46B161E29EB6000CB21F9 /* UIView+TweeningTest.swift */,
			);
			path = Conformance;
			sourceTree = "<group>";
		};
		9DB46B171E29EB6000CB21F9 /* Extensions */ = {
			isa = PBXGroup;
			children = (
				9DB46B181E29EB6000CB21F9 /* Tween+ChainingTest.swift */,
			);
			path = Extensions;
			sourceTree = "<group>";
		};
		9DBF33F91DB8F4BA006C0D84 /* Easing */ = {
			isa = PBXGroup;
			children = (
				9DBF33FB1DB8F4BA006C0D84 /* EaseTest.swift */,
				9D482BCC1DC22F55009A1CCD /* EaseClassificationTest.swift */,
				9DBF33FD1DB8F4BA006C0D84 /* EaseCurveTest.swift */,
				9DBF33FC1DB8F4BA006C0D84 /* EaseFunctionTest.swift */,
			);
			path = Easing;
			sourceTree = "<group>";
		};
		9DCD64FB1D1687DD00C726E7 /* STweenTests */ = {
			isa = PBXGroup;
			children = (
				9DBF33F91DB8F4BA006C0D84 /* Easing */,
				9DD240451DCD436A009C658F /* Interpolation */,
				9DB3D62F1DAE686F00134C1D /* Settings */,
				9D6A3DB11DDEB04E009B6352 /* Tweening */,
				9DB3D6391DAE688200134C1D /* Utils */,
				9DB3D63F1DAE6CCB00134C1D /* XCTestCase+Utils.swift */,
				9D1D1E2A1D31C5AD00BF01E0 /* STweenTests-Bridging-Header.h */,
				9DCD64FE1D1687DD00C726E7 /* Info.plist */,
			);
			path = STweenTests;
			sourceTree = "<group>";
		};
		9DD240451DCD436A009C658F /* Interpolation */ = {
			isa = PBXGroup;
			children = (
				9DD240461DCD436A009C658F /* InterpolatableTest.swift */,
				9D3493E32194C00C00630051 /* InterpolatableNumberTest.swift */,
			);
			path = Interpolation;
			sourceTree = "<group>";
		};
		9DE4B9581E28AD6900315612 /* Conformance */ = {
			isa = PBXGroup;
			children = (
				9D3B6E141E2FA79E00B546DB /* CALayer+Tweening.swift */,
				9D8890511E2883160023FE78 /* NSLayoutConstraint+Tweening.swift */,
				9DF724891E4799F800A0BDB9 /* UIButton+Tweening.swift */,
				9D185B231E443A8600CF8F5C /* UILabel+Tweening.swift */,
				9DF7248B1E47A21700A0BDB9 /* UITextField+Tweening.swift */,
				9D8890531E2883160023FE78 /* UIView+Tweening.swift */,
			);
			path = Conformance;
			sourceTree = "<group>";
		};
/* End PBXGroup section */

/* Begin PBXHeadersBuildPhase section */
		9D77AC331D13B8D70033F88E /* Headers */ = {
			isa = PBXHeadersBuildPhase;
			buildActionMask = 2147483647;
			files = (
				9D77AC3A1D13B8D70033F88E /* STween.h in Headers */,
			);
			runOnlyForDeploymentPostprocessing = 0;
		};
/* End PBXHeadersBuildPhase section */

/* Begin PBXNativeTarget section */
		9D77AC351D13B8D70033F88E /* STween */ = {
			isa = PBXNativeTarget;
			buildConfigurationList = 9D77AC3E1D13B8D70033F88E /* Build configuration list for PBXNativeTarget "STween" */;
			buildPhases = (
				9D77AC311D13B8D70033F88E /* Sources */,
				9D77AC321D13B8D70033F88E /* Frameworks */,
				9D77AC331D13B8D70033F88E /* Headers */,
				9D77AC341D13B8D70033F88E /* Resources */,
			);
			buildRules = (
			);
			dependencies = (
			);
			name = STween;
			productName = STween;
			productReference = 9D77AC361D13B8D70033F88E /* STween.framework */;
			productType = "com.apple.product-type.framework";
		};
		9DCD64F91D1687DD00C726E7 /* STweenTests */ = {
			isa = PBXNativeTarget;
			buildConfigurationList = 9DCD65021D1687DD00C726E7 /* Build configuration list for PBXNativeTarget "STweenTests" */;
			buildPhases = (
				9DCD64F61D1687DD00C726E7 /* Sources */,
				9DCD64F71D1687DD00C726E7 /* Frameworks */,
				9DCD64F81D1687DD00C726E7 /* Resources */,
			);
			buildRules = (
			);
			dependencies = (
				9DCD65011D1687DD00C726E7 /* PBXTargetDependency */,
			);
			name = STweenTests;
			productName = STweenTests;
			productReference = 9DCD64FA1D1687DD00C726E7 /* STweenTests.xctest */;
			productType = "com.apple.product-type.bundle.unit-test";
		};
/* End PBXNativeTarget section */

/* Begin PBXProject section */
		9D77AC2D1D13B8D70033F88E /* Project object */ = {
			isa = PBXProject;
			attributes = {
				LastSwiftUpdateCheck = 0730;
				LastUpgradeCheck = 0940;
				ORGANIZATIONNAME = "Adam Graham";
				TargetAttributes = {
					9D77AC351D13B8D70033F88E = {
						CreatedOnToolsVersion = 7.3.1;
						LastSwiftMigration = 0900;
					};
					9DCD64F91D1687DD00C726E7 = {
						CreatedOnToolsVersion = 7.3.1;
						LastSwiftMigration = 0900;
					};
				};
			};
			buildConfigurationList = 9D77AC301D13B8D70033F88E /* Build configuration list for PBXProject "STween" */;
			compatibilityVersion = "Xcode 3.2";
			developmentRegion = English;
			hasScannedForEncodings = 0;
			knownRegions = (
				en,
			);
			mainGroup = 9D77AC2C1D13B8D70033F88E;
			productRefGroup = 9D77AC371D13B8D70033F88E /* Products */;
			projectDirPath = "";
			projectRoot = "";
			targets = (
				9D77AC351D13B8D70033F88E /* STween */,
				9DCD64F91D1687DD00C726E7 /* STweenTests */,
			);
		};
/* End PBXProject section */

/* Begin PBXResourcesBuildPhase section */
		9D77AC341D13B8D70033F88E /* Resources */ = {
			isa = PBXResourcesBuildPhase;
			buildActionMask = 2147483647;
			files = (
			);
			runOnlyForDeploymentPostprocessing = 0;
		};
		9DCD64F81D1687DD00C726E7 /* Resources */ = {
			isa = PBXResourcesBuildPhase;
			buildActionMask = 2147483647;
			files = (
			);
			runOnlyForDeploymentPostprocessing = 0;
		};
/* End PBXResourcesBuildPhase section */

/* Begin PBXSourcesBuildPhase section */
		9D77AC311D13B8D70033F88E /* Sources */ = {
			isa = PBXSourcesBuildPhase;
			buildActionMask = 2147483647;
			files = (
				9D8890691E2883160023FE78 /* EaseClassification.swift in Sources */,
				9D3B6E151E2FA79E00B546DB /* CALayer+Tweening.swift in Sources */,
				9D8890761E2883160023FE78 /* Tweener.swift in Sources */,
				9D8890651E2883160023FE78 /* Defaults.swift in Sources */,
				9D8890671E2883160023FE78 /* Ease.swift in Sources */,
				9DEDF79C1E36FCA7002E0CB9 /* TweenableProperty.swift in Sources */,
				9D88907C1E2883160023FE78 /* Functions.swift in Sources */,
				9D8890701E2883160023FE78 /* Tween+Chaining.swift in Sources */,
				9D8890711E2883160023FE78 /* UIView+Tweening.swift in Sources */,
				9D185B241E443A8600CF8F5C /* UILabel+Tweening.swift in Sources */,
				9D804D7F2167D1B300401533 /* InterpolatableNumber.swift in Sources */,
				9D8890721E2883160023FE78 /* Tween.swift in Sources */,
				9D88906F1E2883160023FE78 /* NSLayoutConstraint+Tweening.swift in Sources */,
				9D8890771E2883160023FE78 /* TweenState.swift in Sources */,
				9D8890751E2883160023FE78 /* TweenAnimation.swift in Sources */,
				9D88906A1E2883160023FE78 /* EaseCurve.swift in Sources */,
				9DF7248A1E4799F800A0BDB9 /* UIButton+Tweening.swift in Sources */,
				9D8890681E2883160023FE78 /* EaseFunction.swift in Sources */,
				9D88906C1E2883160023FE78 /* Interpolatable.swift in Sources */,
				9D8890791E2883160023FE78 /* TweenTimer.swift in Sources */,
				9D8890731E2883160023FE78 /* Tweenable.swift in Sources */,
				9DF7248C1E47A21700A0BDB9 /* UITextField+Tweening.swift in Sources */,
			);
			runOnlyForDeploymentPostprocessing = 0;
		};
		9DCD64F61D1687DD00C726E7 /* Sources */ = {
			isa = PBXSourcesBuildPhase;
			buildActionMask = 2147483647;
			files = (
				9DB46B191E29EB6000CB21F9 /* NSLayoutConstraint+TweeningTest.swift in Sources */,
				9DB3D6351DAE686F00134C1D /* DefaultsTest.swift in Sources */,
				9D17DC0A1E4199E000DC96A1 /* TweenablePropertyTest.swift in Sources */,
				9D482BCD1DC22F55009A1CCD /* EaseClassificationTest.swift in Sources */,
				9D6A3DB71DDEB07B009B6352 /* TweenableTest.swift in Sources */,
				9D6A3DB51DDEB073009B6352 /* TweenAnimationTest.swift in Sources */,
				9DD2404A1DCD436A009C658F /* InterpolatableTest.swift in Sources */,
				9DB46B1B1E29EB6000CB21F9 /* UIView+TweeningTest.swift in Sources */,
				9DBF34031DB8F4BA006C0D84 /* EaseCurveTest.swift in Sources */,
				9D6A3DBB1DDEB095009B6352 /* TweenerTest.swift in Sources */,
				9DBF34021DB8F4BA006C0D84 /* EaseFunctionTest.swift in Sources */,
				9D6A3DB31DDEB05B009B6352 /* TweenTest.swift in Sources */,
				9DF7248E1E47A51000A0BDB9 /* UITextField+TweeningTest.swift in Sources */,
				9D6A3DC31DDEB0BE009B6352 /* TweenTimerTest.swift in Sources */,
				9DB46B1C1E29EB6000CB21F9 /* Tween+ChainingTest.swift in Sources */,
				9D6A3DBF1DDEB0AC009B6352 /* TweenStateTest.swift in Sources */,
				9DB3D6401DAE6CCB00134C1D /* XCTestCase+Utils.swift in Sources */,
				9D3493E42194C00C00630051 /* InterpolatableNumberTest.swift in Sources */,
				9DB46B1A1E29EB6000CB21F9 /* TweenableTestable.swift in Sources */,
				9DB3D6441DAE758F00134C1D /* FunctionsTest.swift in Sources */,
				9DF724901E47A52000A0BDB9 /* UIButton+TweeningTest.swift in Sources */,
				9DD8CF181E31C721004A196D /* CALayer+TweeningTest.swift in Sources */,
				9DF724921E47A52B00A0BDB9 /* UILabel+TweeningTest.swift in Sources */,
				9DBF34011DB8F4BA006C0D84 /* EaseTest.swift in Sources */,
			);
			runOnlyForDeploymentPostprocessing = 0;
		};
/* End PBXSourcesBuildPhase section */

/* Begin PBXTargetDependency section */
		9DCD65011D1687DD00C726E7 /* PBXTargetDependency */ = {
			isa = PBXTargetDependency;
			target = 9D77AC351D13B8D70033F88E /* STween */;
			targetProxy = 9DCD65001D1687DD00C726E7 /* PBXContainerItemProxy */;
		};
/* End PBXTargetDependency section */

/* Begin XCBuildConfiguration section */
		9D77AC3C1D13B8D70033F88E /* Debug */ = {
			isa = XCBuildConfiguration;
			buildSettings = {
				ALWAYS_SEARCH_USER_PATHS = NO;
				CLANG_ANALYZER_NONNULL = YES;
				CLANG_CXX_LANGUAGE_STANDARD = "gnu++0x";
				CLANG_CXX_LIBRARY = "libc++";
				CLANG_ENABLE_MODULES = YES;
				CLANG_ENABLE_OBJC_ARC = YES;
				CLANG_WARN_BLOCK_CAPTURE_AUTORELEASING = YES;
				CLANG_WARN_BOOL_CONVERSION = YES;
				CLANG_WARN_COMMA = YES;
				CLANG_WARN_CONSTANT_CONVERSION = YES;
				CLANG_WARN_DEPRECATED_OBJC_IMPLEMENTATIONS = YES;
				CLANG_WARN_DIRECT_OBJC_ISA_USAGE = YES_ERROR;
				CLANG_WARN_EMPTY_BODY = YES;
				CLANG_WARN_ENUM_CONVERSION = YES;
				CLANG_WARN_INFINITE_RECURSION = YES;
				CLANG_WARN_INT_CONVERSION = YES;
				CLANG_WARN_NON_LITERAL_NULL_CONVERSION = YES;
				CLANG_WARN_OBJC_IMPLICIT_RETAIN_SELF = YES;
				CLANG_WARN_OBJC_LITERAL_CONVERSION = YES;
				CLANG_WARN_OBJC_ROOT_CLASS = YES_ERROR;
				CLANG_WARN_RANGE_LOOP_ANALYSIS = YES;
				CLANG_WARN_STRICT_PROTOTYPES = YES;
				CLANG_WARN_SUSPICIOUS_MOVE = YES;
				CLANG_WARN_UNREACHABLE_CODE = YES;
				CLANG_WARN__DUPLICATE_METHOD_MATCH = YES;
				"CODE_SIGN_IDENTITY[sdk=iphoneos*]" = "iPhone Developer";
				COPY_PHASE_STRIP = NO;
				CURRENT_PROJECT_VERSION = 1;
				DEBUG_INFORMATION_FORMAT = dwarf;
				ENABLE_STRICT_OBJC_MSGSEND = YES;
				ENABLE_TESTABILITY = YES;
				GCC_C_LANGUAGE_STANDARD = gnu99;
				GCC_DYNAMIC_NO_PIC = NO;
				GCC_NO_COMMON_BLOCKS = YES;
				GCC_OPTIMIZATION_LEVEL = 0;
				GCC_PREPROCESSOR_DEFINITIONS = (
					"DEBUG=1",
					"$(inherited)",
				);
				GCC_WARN_64_TO_32_BIT_CONVERSION = YES;
				GCC_WARN_ABOUT_RETURN_TYPE = YES_ERROR;
				GCC_WARN_UNDECLARED_SELECTOR = YES;
				GCC_WARN_UNINITIALIZED_AUTOS = YES_AGGRESSIVE;
				GCC_WARN_UNUSED_FUNCTION = YES;
				GCC_WARN_UNUSED_VARIABLE = YES;
				IPHONEOS_DEPLOYMENT_TARGET = 9.0;
				MTL_ENABLE_DEBUG_INFO = YES;
				ONLY_ACTIVE_ARCH = YES;
				SDKROOT = iphoneos;
				SWIFT_OPTIMIZATION_LEVEL = "-Onone";
				SWIFT_VERSION = 4.2;
				TARGETED_DEVICE_FAMILY = "1,2";
				VERSIONING_SYSTEM = "apple-generic";
				VERSION_INFO_PREFIX = "";
			};
			name = Debug;
		};
		9D77AC3D1D13B8D70033F88E /* Release */ = {
			isa = XCBuildConfiguration;
			buildSettings = {
				ALWAYS_SEARCH_USER_PATHS = NO;
				CLANG_ANALYZER_NONNULL = YES;
				CLANG_CXX_LANGUAGE_STANDARD = "gnu++0x";
				CLANG_CXX_LIBRARY = "libc++";
				CLANG_ENABLE_MODULES = YES;
				CLANG_ENABLE_OBJC_ARC = YES;
				CLANG_WARN_BLOCK_CAPTURE_AUTORELEASING = YES;
				CLANG_WARN_BOOL_CONVERSION = YES;
				CLANG_WARN_COMMA = YES;
				CLANG_WARN_CONSTANT_CONVERSION = YES;
				CLANG_WARN_DEPRECATED_OBJC_IMPLEMENTATIONS = YES;
				CLANG_WARN_DIRECT_OBJC_ISA_USAGE = YES_ERROR;
				CLANG_WARN_EMPTY_BODY = YES;
				CLANG_WARN_ENUM_CONVERSION = YES;
				CLANG_WARN_INFINITE_RECURSION = YES;
				CLANG_WARN_INT_CONVERSION = YES;
				CLANG_WARN_NON_LITERAL_NULL_CONVERSION = YES;
				CLANG_WARN_OBJC_IMPLICIT_RETAIN_SELF = YES;
				CLANG_WARN_OBJC_LITERAL_CONVERSION = YES;
				CLANG_WARN_OBJC_ROOT_CLASS = YES_ERROR;
				CLANG_WARN_RANGE_LOOP_ANALYSIS = YES;
				CLANG_WARN_STRICT_PROTOTYPES = YES;
				CLANG_WARN_SUSPICIOUS_MOVE = YES;
				CLANG_WARN_UNREACHABLE_CODE = YES;
				CLANG_WARN__DUPLICATE_METHOD_MATCH = YES;
				"CODE_SIGN_IDENTITY[sdk=iphoneos*]" = "iPhone Developer";
				COPY_PHASE_STRIP = NO;
				CURRENT_PROJECT_VERSION = 1;
				DEBUG_INFORMATION_FORMAT = "dwarf-with-dsym";
				ENABLE_NS_ASSERTIONS = NO;
				ENABLE_STRICT_OBJC_MSGSEND = YES;
				GCC_C_LANGUAGE_STANDARD = gnu99;
				GCC_NO_COMMON_BLOCKS = YES;
				GCC_WARN_64_TO_32_BIT_CONVERSION = YES;
				GCC_WARN_ABOUT_RETURN_TYPE = YES_ERROR;
				GCC_WARN_UNDECLARED_SELECTOR = YES;
				GCC_WARN_UNINITIALIZED_AUTOS = YES_AGGRESSIVE;
				GCC_WARN_UNUSED_FUNCTION = YES;
				GCC_WARN_UNUSED_VARIABLE = YES;
				IPHONEOS_DEPLOYMENT_TARGET = 9.0;
				MTL_ENABLE_DEBUG_INFO = NO;
				SDKROOT = iphoneos;
				SWIFT_VERSION = 4.2;
				TARGETED_DEVICE_FAMILY = "1,2";
				VALIDATE_PRODUCT = YES;
				VERSIONING_SYSTEM = "apple-generic";
				VERSION_INFO_PREFIX = "";
			};
			name = Release;
		};
		9D77AC3F1D13B8D70033F88E /* Debug */ = {
			isa = XCBuildConfiguration;
			buildSettings = {
				CLANG_ENABLE_MODULES = YES;
				"CODE_SIGN_IDENTITY[sdk=iphoneos*]" = "";
				DEFINES_MODULE = YES;
				DYLIB_COMPATIBILITY_VERSION = 1;
				DYLIB_CURRENT_VERSION = 1;
				DYLIB_INSTALL_NAME_BASE = "@rpath";
				INFOPLIST_FILE = STween/Info.plist;
				INSTALL_PATH = "$(LOCAL_LIBRARY_DIR)/Frameworks";
				LD_RUNPATH_SEARCH_PATHS = "$(inherited) @executable_path/Frameworks @loader_path/Frameworks";
				PRODUCT_BUNDLE_IDENTIFIER = com.adamgraham.STween;
				PRODUCT_NAME = "$(TARGET_NAME)";
				SKIP_INSTALL = YES;
				SWIFT_OPTIMIZATION_LEVEL = "-Onone";
				TARGETED_DEVICE_FAMILY = "1,2";
			};
			name = Debug;
		};
		9D77AC401D13B8D70033F88E /* Release */ = {
			isa = XCBuildConfiguration;
			buildSettings = {
				CLANG_ENABLE_MODULES = YES;
				"CODE_SIGN_IDENTITY[sdk=iphoneos*]" = "";
				DEFINES_MODULE = YES;
				DYLIB_COMPATIBILITY_VERSION = 1;
				DYLIB_CURRENT_VERSION = 1;
				DYLIB_INSTALL_NAME_BASE = "@rpath";
				INFOPLIST_FILE = STween/Info.plist;
				INSTALL_PATH = "$(LOCAL_LIBRARY_DIR)/Frameworks";
				LD_RUNPATH_SEARCH_PATHS = "$(inherited) @executable_path/Frameworks @loader_path/Frameworks";
				PRODUCT_BUNDLE_IDENTIFIER = com.adamgraham.STween;
				PRODUCT_NAME = "$(TARGET_NAME)";
				SKIP_INSTALL = YES;
				SWIFT_OPTIMIZATION_LEVEL = "-Owholemodule";
				TARGETED_DEVICE_FAMILY = "1,2";
			};
			name = Release;
		};
		9DCD65031D1687DD00C726E7 /* Debug */ = {
			isa = XCBuildConfiguration;
			buildSettings = {
				ALWAYS_EMBED_SWIFT_STANDARD_LIBRARIES = YES;
				CLANG_ENABLE_MODULES = YES;
				INFOPLIST_FILE = STweenTests/Info.plist;
				LD_RUNPATH_SEARCH_PATHS = "$(inherited) @executable_path/Frameworks @loader_path/Frameworks";
				PRODUCT_BUNDLE_IDENTIFIER = com.adamgraham.STween.STweenTests;
				PRODUCT_NAME = "$(TARGET_NAME)";
				SWIFT_OBJC_BRIDGING_HEADER = "STweenTests/STweenTests-Bridging-Header.h";
				SWIFT_OPTIMIZATION_LEVEL = "-Onone";
			};
			name = Debug;
		};
		9DCD65041D1687DD00C726E7 /* Release */ = {
			isa = XCBuildConfiguration;
			buildSettings = {
				ALWAYS_EMBED_SWIFT_STANDARD_LIBRARIES = YES;
				CLANG_ENABLE_MODULES = YES;
				INFOPLIST_FILE = STweenTests/Info.plist;
				LD_RUNPATH_SEARCH_PATHS = "$(inherited) @executable_path/Frameworks @loader_path/Frameworks";
				PRODUCT_BUNDLE_IDENTIFIER = com.adamgraham.STween.STweenTests;
				PRODUCT_NAME = "$(TARGET_NAME)";
				SWIFT_OBJC_BRIDGING_HEADER = "STweenTests/STweenTests-Bridging-Header.h";
				SWIFT_OPTIMIZATION_LEVEL = "-Owholemodule";
			};
			name = Release;
		};
/* End XCBuildConfiguration section */

/* Begin XCConfigurationList section */
		9D77AC301D13B8D70033F88E /* Build configuration list for PBXProject "STween" */ = {
			isa = XCConfigurationList;
			buildConfigurations = (
				9D77AC3C1D13B8D70033F88E /* Debug */,
				9D77AC3D1D13B8D70033F88E /* Release */,
			);
			defaultConfigurationIsVisible = 0;
			defaultConfigurationName = Release;
		};
		9D77AC3E1D13B8D70033F88E /* Build configuration list for PBXNativeTarget "STween" */ = {
			isa = XCConfigurationList;
			buildConfigurations = (
				9D77AC3F1D13B8D70033F88E /* Debug */,
				9D77AC401D13B8D70033F88E /* Release */,
			);
			defaultConfigurationIsVisible = 0;
			defaultConfigurationName = Release;
		};
		9DCD65021D1687DD00C726E7 /* Build configuration list for PBXNativeTarget "STweenTests" */ = {
			isa = XCConfigurationList;
			buildConfigurations = (
				9DCD65031D1687DD00C726E7 /* Debug */,
				9DCD65041D1687DD00C726E7 /* Release */,
			);
			defaultConfigurationIsVisible = 0;
			defaultConfigurationName = Release;
		};
/* End XCConfigurationList section */
	};
	rootObject = 9D77AC2D1D13B8D70033F88E /* Project object */;
}
